<?xml version="1.0" encoding="utf-8"?>
<Project ToolsVersion="4.0" xmlns="http://schemas.microsoft.com/developer/msbuild/2003">
  <ItemGroup>
    <Filter Include="Window">
      <UniqueIdentifier>{7c0dd74b-0b23-4ac5-b074-957847aa6f28}</UniqueIdentifier>
    </Filter>
    <Filter Include="Engine">
      <UniqueIdentifier>{071e93f5-594c-46e2-9b24-2e035577d144}</UniqueIdentifier>
    </Filter>
    <Filter Include="Logger">
      <UniqueIdentifier>{baeeb0a9-a5ba-4dac-87a4-180255b746fc}</UniqueIdentifier>
    </Filter>
    <Filter Include="Engine\Rendering">
      <UniqueIdentifier>{0183feae-6563-41b8-b098-6cfadff39399}</UniqueIdentifier>
    </Filter>
    <Filter Include="Engine\Rendering\Shaders">
      <UniqueIdentifier>{267fd437-964b-4e26-98f3-9bec8bd0fd08}</UniqueIdentifier>
    </Filter>
    <Filter Include="External">
      <UniqueIdentifier>{97f0e8a5-2a53-422b-963f-4e36af9d3746}</UniqueIdentifier>
    </Filter>
    <Filter Include="Utils">
      <UniqueIdentifier>{fd9faaab-4cd4-43c7-afe2-9f70be416916}</UniqueIdentifier>
    </Filter>
    <Filter Include="Engine\Rendering\Camera">
      <UniqueIdentifier>{79f6bcf4-809f-42d1-833e-e6aa0c5de062}</UniqueIdentifier>
    </Filter>
    <Filter Include="Engine\Rendering\RenderPass">
      <UniqueIdentifier>{7e98e93f-8faf-4606-8a6e-fbb31ba8d8a3}</UniqueIdentifier>
    </Filter>
  </ItemGroup>
  <ItemGroup>
    <ClInclude Include="WindowApplication.h">
      <Filter>Window</Filter>
    </ClInclude>
    <ClInclude Include="Engine.h">
      <Filter>Engine</Filter>
    </ClInclude>
    <ClInclude Include="Logger.h">
      <Filter>Logger</Filter>
    </ClInclude>
    <ClInclude Include="DxgiManager.h">
      <Filter>Engine\Rendering</Filter>
    </ClInclude>
    <ClInclude Include="HardwareCapabilities.h">
      <Filter>Engine\Rendering</Filter>
    </ClInclude>
    <ClInclude Include="InputFile.h">
      <Filter>Window</Filter>
    </ClInclude>
    <ClInclude Include="OutputFile.h">
      <Filter>Window</Filter>
    </ClInclude>
    <ClInclude Include="File.h">
      <Filter>Window</Filter>
    </ClInclude>
    <ClInclude Include="GameObject.h">
      <Filter>Engine</Filter>
    </ClInclude>
    <ClInclude Include="SimpleMath.h">
      <Filter>External</Filter>
    </ClInclude>
    <ClInclude Include="d3dx12.h">
      <Filter>External</Filter>
    </ClInclude>
    <ClInclude Include="Utils.h">
      <Filter>Utils</Filter>
    </ClInclude>
    <ClInclude Include="VertexDefinition.h">
      <Filter>Engine\Rendering</Filter>
    </ClInclude>
    <ClInclude Include="MessageQueueObserver.h">
      <Filter>Window</Filter>
    </ClInclude>
    <ClInclude Include="Model.h">
      <Filter>Utils</Filter>
    </ClInclude>
    <ClInclude Include="ModelLoaderSapphire.h">
      <Filter>Utils</Filter>
    </ClInclude>
    <ClInclude Include="RawInput.h">
      <Filter>Window</Filter>
    </ClInclude>
    <ClInclude Include="WinMouse.h">
      <Filter>Window</Filter>
    </ClInclude>
    <ClInclude Include="RenderContext.h">
      <Filter>Engine\Rendering</Filter>
    </ClInclude>
    <ClInclude Include="DeviceContext.h">
      <Filter>Engine\Rendering</Filter>
    </ClInclude>
    <ClInclude Include="PixelDefinition.h">
      <Filter>Engine\Rendering</Filter>
    </ClInclude>
    <ClInclude Include="Camera.h">
      <Filter>Engine\Rendering\Camera</Filter>
    </ClInclude>
    <ClInclude Include="FirstPerson.h">
      <Filter>Engine\Rendering\Camera</Filter>
    </ClInclude>
    <ClInclude Include="RenderPass.h">
      <Filter>Engine\Rendering\RenderPass</Filter>
    </ClInclude>
    <ClInclude Include="ForwardRenderingPass.h">
      <Filter>Engine\Rendering\RenderPass</Filter>
    </ClInclude>
    <ClInclude Include="ShadowMapPass.h">
      <Filter>Engine\Rendering\RenderPass</Filter>
    </ClInclude>
    <ClInclude Include="PerspectiveCamera.h">
      <Filter>Engine\Rendering\Camera</Filter>
    </ClInclude>
    <ClInclude Include="OrthographicCamera.h">
      <Filter>Engine\Rendering\Camera</Filter>
    </ClInclude>
    <ClInclude Include="Light.h">
      <Filter>Engine\Rendering</Filter>
    </ClInclude>
    <ClInclude Include="Free.h">
      <Filter>Engine\Rendering\Camera</Filter>
    </ClInclude>
    <ClInclude Include="CameraControler.h">
      <Filter>Engine\Rendering\Camera</Filter>
    </ClInclude>
    <ClInclude Include="Arcball.h">
      <Filter>Engine\Rendering\Camera</Filter>
    </ClInclude>
    <ClInclude Include="GrayscalePass.h">
      <Filter>Engine\Rendering\RenderPass</Filter>
    </ClInclude>
    <ClInclude Include="FixedArray.h" />
    <ClInclude Include="PositionPass.h">
      <Filter>Engine\Rendering\RenderPass</Filter>
    </ClInclude>
  </ItemGroup>
  <ItemGroup>
    <ClCompile Include="WindowApplication.cpp">
      <Filter>Window</Filter>
    </ClCompile>
    <ClCompile Include="Engine.cpp">
      <Filter>Engine</Filter>
    </ClCompile>
    <ClCompile Include="Logger.cpp">
      <Filter>Logger</Filter>
    </ClCompile>
    <ClCompile Include="DxgiManager.cpp">
      <Filter>Engine\Rendering</Filter>
    </ClCompile>
    <ClCompile Include="HardwareCapabilities.cpp">
      <Filter>Engine\Rendering</Filter>
    </ClCompile>
    <ClCompile Include="InputFile.cpp">
      <Filter>Window</Filter>
    </ClCompile>
    <ClCompile Include="OutputFile.cpp">
      <Filter>Window</Filter>
    </ClCompile>
    <ClCompile Include="File.cpp">
      <Filter>Window</Filter>
    </ClCompile>
    <ClCompile Include="GameObject.cpp">
      <Filter>Engine</Filter>
    </ClCompile>
    <ClCompile Include="SimpleMath.cpp">
      <Filter>External</Filter>
    </ClCompile>
    <ClCompile Include="ModelLoaderSapphire.cpp">
      <Filter>Utils</Filter>
    </ClCompile>
    <ClCompile Include="RawInput.cpp">
      <Filter>Window</Filter>
    </ClCompile>
    <ClCompile Include="WinMouse.cpp">
      <Filter>Window</Filter>
    </ClCompile>
    <ClCompile Include="RenderContext.cpp">
      <Filter>Engine\Rendering</Filter>
    </ClCompile>
    <ClCompile Include="DeviceContext.cpp">
      <Filter>Engine\Rendering</Filter>
    </ClCompile>
    <ClCompile Include="Camera.cpp">
      <Filter>Engine\Rendering\Camera</Filter>
    </ClCompile>
    <ClCompile Include="FirstPerson.cpp">
      <Filter>Engine\Rendering\Camera</Filter>
    </ClCompile>
    <ClCompile Include="ForwardRenderingPass.cpp">
      <Filter>Engine\Rendering\RenderPass</Filter>
    </ClCompile>
    <ClCompile Include="ShadowMapPass.cpp">
      <Filter>Engine\Rendering\RenderPass</Filter>
    </ClCompile>
    <ClCompile Include="PerspectiveCamera.cpp">
      <Filter>Engine\Rendering\Camera</Filter>
    </ClCompile>
    <ClCompile Include="OrthographicCamera.cpp">
      <Filter>Engine\Rendering\Camera</Filter>
    </ClCompile>
    <ClCompile Include="Light.cpp">
      <Filter>Engine\Rendering</Filter>
    </ClCompile>
    <ClCompile Include="Free.cpp">
      <Filter>Engine\Rendering\Camera</Filter>
    </ClCompile>
    <ClCompile Include="Arcball.cpp">
      <Filter>Engine\Rendering\Camera</Filter>
    </ClCompile>
    <ClCompile Include="GrayscalePass.cpp">
      <Filter>Engine\Rendering\RenderPass</Filter>
    </ClCompile>
    <ClCompile Include="PositionPass.cpp">
      <Filter>Engine\Rendering\RenderPass</Filter>
    </ClCompile>
  </ItemGroup>
  <ItemGroup>
    <None Include="SimpleMath.inl">
      <Filter>External</Filter>
    </None>
  </ItemGroup>
  <ItemGroup>
    <Text Include="bypass_ps.hlsl">
      <Filter>Engine\Rendering\Shaders</Filter>
    </Text>
    <Text Include="bypass_vs.hlsl">
      <Filter>Engine\Rendering\Shaders</Filter>
    </Text>
    <Text Include="directional_ps.hlsl">
      <Filter>Engine\Rendering\Shaders</Filter>
    </Text>
    <Text Include="directional_texture_ps.hlsl">
      <Filter>Engine\Rendering\Shaders</Filter>
    </Text>
    <Text Include="directional_texture_vs.hlsl">
      <Filter>Engine\Rendering\Shaders</Filter>
    </Text>
    <Text Include="directional_vs.hlsl">
      <Filter>Engine\Rendering\Shaders</Filter>
    </Text>
    <Text Include="shadow_ps.hlsl">
      <Filter>Engine\Rendering\Shaders</Filter>
    </Text>
    <Text Include="shadow_vs.hlsl">
      <Filter>Engine\Rendering\Shaders</Filter>
    </Text>
    <Text Include="fullscreen_vs.hlsl">
      <Filter>Engine\Rendering\Shaders</Filter>
    </Text>
    <Text Include="grayscale_ps.hlsl">
      <Filter>Engine\Rendering\Shaders</Filter>
    </Text>
    <Text Include="position_vs.hlsl">
      <Filter>Engine\Rendering\Shaders</Filter>
    </Text>
    <Text Include="position_ps.hlsl">
      <Filter>Engine\Rendering\Shaders</Filter>
    </Text>
  </ItemGroup>
</Project>