<?xml version="1.0" encoding="utf-8"?>
<Project ToolsVersion="4.0" xmlns="http://schemas.microsoft.com/developer/msbuild/2003">
  <ItemGroup>
    <ClCompile Include="SapphireReference.cpp" />
    <ClCompile Include="SceneDescriptor.cpp" />
  </ItemGroup>
  <ItemGroup>
    <ClInclude Include="Triangle.h" />
    <ClInclude Include="CameraHandler.h" />
    <ClInclude Include="StaticModel.h" />
    <ClInclude Include="DynamicModel.h" />
    <ClInclude Include="SceneDescriptor.h" />
    <ClInclude Include="Optional.h" />
  </ItemGroup>
  <ItemGroup>
    <None Include="packages.config" />
  </ItemGroup>
</Project>